
Microsoft Visual Studio Solution File, Format Version 12.00
# Visual Studio Version 16
VisualStudioVersion = 16.0.30717.126
MinimumVisualStudioVersion = 10.0.40219.1
Project("{9A19103F-16F7-4668-BE54-9A1E7A4F7556}") = "1D1P", "1D1P\1D1P.csproj", "{87F1C931-1B50-49D1-85C7-61D65DC06411}"
EndProject
Project("{9A19103F-16F7-4668-BE54-9A1E7A4F7556}") = "1D2P", "1D2P\1D2P.csproj", "{6E2F5D83-1F03-49D3-BC41-C667D1680E74}"
EndProject
Project("{9A19103F-16F7-4668-BE54-9A1E7A4F7556}") = "2D1P", "2D1P\2D1P.csproj", "{3F5120E3-7516-4F08-B399-16071E556A6C}"
EndProject
Project("{9A19103F-16F7-4668-BE54-9A1E7A4F7556}") = "2D2P", "2D2P\2D2P.csproj", "{9E293BD9-91AA-405A-97B9-CBFCB1233F83}"
EndProject
Project("{9A19103F-16F7-4668-BE54-9A1E7A4F7556}") = "3D1P", "3D1P\3D1P.csproj", "{17A2AF93-FB04-4DB5-8A07-FB7E6468F44A}"
EndProject
Project("{9A19103F-16F7-4668-BE54-9A1E7A4F7556}") = "3D2P", "3D2P\3D2P.csproj", "{A6503FDB-B23F-4F2A-ACA1-513554E58514}"
EndProject
Project("{9A19103F-16F7-4668-BE54-9A1E7A4F7556}") = "4D1P", "4D1P\4D1P.csproj", "{2EB2B922-AEC6-4D96-AA73-F374EBE2F4B2}"
EndProject
Project("{9A19103F-16F7-4668-BE54-9A1E7A4F7556}") = "4D2P", "4D2P\4D2P.csproj", "{70E26034-5CB4-4C8E-AF50-BE83AE17EBB7}"
EndProject
Project("{FAE04EC0-301F-11D3-BF4B-00C04F79EFBC}") = "5D", "5D1P\5D.csproj", "{DFE0D2ED-0933-4F35-830C-3CA8E4922B90}"
EndProject
Global
	GlobalSection(SolutionConfigurationPlatforms) = preSolution
		Debug|Any CPU = Debug|Any CPU
		Release|Any CPU = Release|Any CPU
	EndGlobalSection
	GlobalSection(ProjectConfigurationPlatforms) = postSolution
		{87F1C931-1B50-49D1-85C7-61D65DC06411}.Debug|Any CPU.ActiveCfg = Debug|Any CPU
		{87F1C931-1B50-49D1-85C7-61D65DC06411}.Debug|Any CPU.Build.0 = Debug|Any CPU
		{87F1C931-1B50-49D1-85C7-61D65DC06411}.Release|Any CPU.ActiveCfg = Release|Any CPU
		{87F1C931-1B50-49D1-85C7-61D65DC06411}.Release|Any CPU.Build.0 = Release|Any CPU
		{6E2F5D83-1F03-49D3-BC41-C667D1680E74}.Debug|Any CPU.ActiveCfg = Debug|Any CPU
		{6E2F5D83-1F03-49D3-BC41-C667D1680E74}.Debug|Any CPU.Build.0 = Debug|Any CPU
		{6E2F5D83-1F03-49D3-BC41-C667D1680E74}.Release|Any CPU.ActiveCfg = Release|Any CPU
		{6E2F5D83-1F03-49D3-BC41-C667D1680E74}.Release|Any CPU.Build.0 = Release|Any CPU
		{3F5120E3-7516-4F08-B399-16071E556A6C}.Debug|Any CPU.ActiveCfg = Debug|Any CPU
		{3F5120E3-7516-4F08-B399-16071E556A6C}.Debug|Any CPU.Build.0 = Debug|Any CPU
		{3F5120E3-7516-4F08-B399-16071E556A6C}.Release|Any CPU.ActiveCfg = Release|Any CPU
		{3F5120E3-7516-4F08-B399-16071E556A6C}.Release|Any CPU.Build.0 = Release|Any CPU
		{9E293BD9-91AA-405A-97B9-CBFCB1233F83}.Debug|Any CPU.ActiveCfg = Debug|Any CPU
		{9E293BD9-91AA-405A-97B9-CBFCB1233F83}.Debug|Any CPU.Build.0 = Debug|Any CPU
		{9E293BD9-91AA-405A-97B9-CBFCB1233F83}.Release|Any CPU.ActiveCfg = Release|Any CPU
		{9E293BD9-91AA-405A-97B9-CBFCB1233F83}.Release|Any CPU.Build.0 = Release|Any CPU
		{17A2AF93-FB04-4DB5-8A07-FB7E6468F44A}.Debug|Any CPU.ActiveCfg = Debug|Any CPU
		{17A2AF93-FB04-4DB5-8A07-FB7E6468F44A}.Debug|Any CPU.Build.0 = Debug|Any CPU
		{17A2AF93-FB04-4DB5-8A07-FB7E6468F44A}.Release|Any CPU.ActiveCfg = Release|Any CPU
		{17A2AF93-FB04-4DB5-8A07-FB7E6468F44A}.Release|Any CPU.Build.0 = Release|Any CPU
		{A6503FDB-B23F-4F2A-ACA1-513554E58514}.Debug|Any CPU.ActiveCfg = Debug|Any CPU
		{A6503FDB-B23F-4F2A-ACA1-513554E58514}.Debug|Any CPU.Build.0 = Debug|Any CPU
		{A6503FDB-B23F-4F2A-ACA1-513554E58514}.Release|Any CPU.ActiveCfg = Release|Any CPU
		{A6503FDB-B23F-4F2A-ACA1-513554E58514}.Release|Any CPU.Build.0 = Release|Any CPU
		{2EB2B922-AEC6-4D96-AA73-F374EBE2F4B2}.Debug|Any CPU.ActiveCfg = Debug|Any CPU
		{2EB2B922-AEC6-4D96-AA73-F374EBE2F4B2}.Debug|Any CPU.Build.0 = Debug|Any CPU
		{2EB2B922-AEC6-4D96-AA73-F374EBE2F4B2}.Release|Any CPU.ActiveCfg = Release|Any CPU
		{2EB2B922-AEC6-4D96-AA73-F374EBE2F4B2}.Release|Any CPU.Build.0 = Release|Any CPU
		{70E26034-5CB4-4C8E-AF50-BE83AE17EBB7}.Debug|Any CPU.ActiveCfg = Debug|Any CPU
		{70E26034-5CB4-4C8E-AF50-BE83AE17EBB7}.Debug|Any CPU.Build.0 = Debug|Any CPU
		{70E26034-5CB4-4C8E-AF50-BE83AE17EBB7}.Release|Any CPU.ActiveCfg = Release|Any CPU
		{70E26034-5CB4-4C8E-AF50-BE83AE17EBB7}.Release|Any CPU.Build.0 = Release|Any CPU
		{DFE0D2ED-0933-4F35-830C-3CA8E4922B90}.Debug|Any CPU.ActiveCfg = Debug|Any CPU
		{DFE0D2ED-0933-4F35-830C-3CA8E4922B90}.Debug|Any CPU.Build.0 = Debug|Any CPU
		{DFE0D2ED-0933-4F35-830C-3CA8E4922B90}.Release|Any CPU.ActiveCfg = Release|Any CPU
		{DFE0D2ED-0933-4F35-830C-3CA8E4922B90}.Release|Any CPU.Build.0 = Release|Any CPU
	EndGlobalSection
	GlobalSection(SolutionProperties) = preSolution
		HideSolutionNode = FALSE
	EndGlobalSection
	GlobalSection(ExtensibilityGlobals) = postSolution
		SolutionGuid = {9044368C-E34E-47D2-9279-7224D20AAC31}
	EndGlobalSection
EndGlobal
